PODS:
  - Boardy (1.14.1):
    - Boardy/Default (= 1.14.1)
  - Boardy/Attachable (1.14.1):
    - Boardy/Core
    - Boardy/DeepLink
  - Boardy/Core (1.14.1)
  - Boardy/DeepLink (1.14.1):
    - Boardy/Core
  - Boardy/Default (1.14.1):
    - Boardy/Attachable
    - Boardy/Core
  - DadFoundation (0.1.1):
    - Boardy
  - DadSDK (0.1.0):
    - DadSDK/Core (= 0.1.0)
  - DadSDK/Auth (0.1.0):
    - DadSDK/Core
  - DadSDK/Core (0.1.0):
    - DadFoundation (~> 0.1.0)

DEPENDENCIES:
  - DadSDK (from `../`)
  - DadSDK/Auth (from `../`)

SPEC REPOS:
  "git@github.com:ifsolution/father-specs.git":
    - DadFoundation
  trunk:
    - Boardy

EXTERNAL SOURCES:
  DadSDK:
    :path: "../"

SPEC CHECKSUMS:
  Boardy: d23f977dfe2551015bad0f5aff260326929cd699
  DadFoundation: baa5b5db446b4e56f54feb0125c9abfa43f49d60
  DadSDK: c5384e023684f5ba64363c340c8c0689eed5097e

PODFILE CHECKSUM: e147b6127641d9784b0a505885c5f5388e59f52e

COCOAPODS: 1.10.1
