PODS:
  - Boardy (1.14.1):
    - Boardy/Default (= 1.14.1)
  - Boardy/Attachable (1.14.1):
    - Boardy/Core
    - Boardy/DeepLink
  - Boardy/Core (1.14.1)
  - Boardy/DeepLink (1.14.1):
    - Boardy/Core
  - Boardy/Default (1.14.1):
    - Boardy/Attachable
    - Boardy/Core
  - DadFoundation (0.3.0):
    - Boardy
  - DadSDK (0.3.0):
    - DadSDK/Core (= 0.3.0)
  - DadSDK/Auth (0.3.0):
    - DadSDK/Core
  - DadSDK/Core (0.3.0):
    - DadFoundation (~> 0.3.0)

DEPENDENCIES:
  - DadSDK (from `../`)
  - DadSDK/Auth (from `../`)

SPEC REPOS:
  "git@github.com:ifsolution/father-specs.git":
    - DadFoundation
  trunk:
    - Boardy

EXTERNAL SOURCES:
  DadSDK:
    :path: "../"

SPEC CHECKSUMS:
  Boardy: d23f977dfe2551015bad0f5aff260326929cd699
  DadFoundation: eee7e1bf1dd056a4bf91af8ad0fa4da246952c5d
  DadSDK: 674bdfd0a2f4f2ce78e7596bff6c28dda0584bce

PODFILE CHECKSUM: e147b6127641d9784b0a505885c5f5388e59f52e

COCOAPODS: 1.10.1
